
Microsoft Visual Studio Solution File, Format Version 12.00
# Visual Studio Version 16
VisualStudioVersion = 25.0.1700.1
MinimumVisualStudioVersion = 10.0.40219.1
Project("{FAE04EC0-301F-11D3-BF4B-00C04F79EFBC}") = "JWT-Creation-Validation", "JWT-Creation-Validation.csproj", "{9382E86A-EAE9-4D39-B160-B017D3DF7E02}"
EndProject
Global
	GlobalSection(SolutionConfigurationPlatforms) = preSolution
		Debug|Any CPU = Debug|Any CPU
		Release|Any CPU = Release|Any CPU
	EndGlobalSection
	GlobalSection(ProjectConfigurationPlatforms) = postSolution
		{9382E86A-EAE9-4D39-B160-B017D3DF7E02}.Debug|Any CPU.ActiveCfg = Debug|Any CPU
		{9382E86A-EAE9-4D39-B160-B017D3DF7E02}.Debug|Any CPU.Build.0 = Debug|Any CPU
		{9382E86A-EAE9-4D39-B160-B017D3DF7E02}.Release|Any CPU.ActiveCfg = Release|Any CPU
		{9382E86A-EAE9-4D39-B160-B017D3DF7E02}.Release|Any CPU.Build.0 = Release|Any CPU
	EndGlobalSection
	GlobalSection(SolutionProperties) = preSolution
		HideSolutionNode = FALSE
	EndGlobalSection
	GlobalSection(ExtensibilityGlobals) = postSolution
		SolutionGuid = {133D0F46-53D2-470F-BA1A-3C561994C59B}
	EndGlobalSection
EndGlobal
